
Microsoft Visual Studio Solution File, Format Version 12.00
# Visual Studio Version 17
VisualStudioVersion = 17.4.33213.308
MinimumVisualStudioVersion = 10.0.40219.1
Project("{FAE04EC0-301F-11D3-BF4B-00C04F79EFBC}") = "BlazorVirtualization.Server", "Server\BlazorVirtualization.Server.csproj", "{2C219827-2969-4DFD-834B-3538680958DC}"
EndProject
Project("{FAE04EC0-301F-11D3-BF4B-00C04F79EFBC}") = "BlazorVirtualization.Client", "Client\BlazorVirtualization.Client.csproj", "{2A54F0A8-8981-463C-9415-28DF2EFFBD32}"
EndProject
Project("{FAE04EC0-301F-11D3-BF4B-00C04F79EFBC}") = "BlazorVirtualization.Shared", "Shared\BlazorVirtualization.Shared.csproj", "{19F88186-BD02-4461-B821-0F25A7855C6C}"
EndProject
Global
	GlobalSection(SolutionConfigurationPlatforms) = preSolution
		Debug|Any CPU = Debug|Any CPU
		Release|Any CPU = Release|Any CPU
	EndGlobalSection
	GlobalSection(ProjectConfigurationPlatforms) = postSolution
		{2C219827-2969-4DFD-834B-3538680958DC}.Debug|Any CPU.ActiveCfg = Debug|Any CPU
		{2C219827-2969-4DFD-834B-3538680958DC}.Debug|Any CPU.Build.0 = Debug|Any CPU
		{2C219827-2969-4DFD-834B-3538680958DC}.Release|Any CPU.ActiveCfg = Release|Any CPU
		{2C219827-2969-4DFD-834B-3538680958DC}.Release|Any CPU.Build.0 = Release|Any CPU
		{2A54F0A8-8981-463C-9415-28DF2EFFBD32}.Debug|Any CPU.ActiveCfg = Debug|Any CPU
		{2A54F0A8-8981-463C-9415-28DF2EFFBD32}.Debug|Any CPU.Build.0 = Debug|Any CPU
		{2A54F0A8-8981-463C-9415-28DF2EFFBD32}.Release|Any CPU.ActiveCfg = Release|Any CPU
		{2A54F0A8-8981-463C-9415-28DF2EFFBD32}.Release|Any CPU.Build.0 = Release|Any CPU
		{19F88186-BD02-4461-B821-0F25A7855C6C}.Debug|Any CPU.ActiveCfg = Debug|Any CPU
		{19F88186-BD02-4461-B821-0F25A7855C6C}.Debug|Any CPU.Build.0 = Debug|Any CPU
		{19F88186-BD02-4461-B821-0F25A7855C6C}.Release|Any CPU.ActiveCfg = Release|Any CPU
		{19F88186-BD02-4461-B821-0F25A7855C6C}.Release|Any CPU.Build.0 = Release|Any CPU
	EndGlobalSection
	GlobalSection(SolutionProperties) = preSolution
		HideSolutionNode = FALSE
	EndGlobalSection
	GlobalSection(ExtensibilityGlobals) = postSolution
		SolutionGuid = {D88D4FC7-0F9B-4513-B2B7-46706D0CA90C}
	EndGlobalSection
EndGlobal
